
Microsoft Visual Studio Solution File, Format Version 12.00
# Visual Studio Version 17
VisualStudioVersion = 17.4.33103.184
MinimumVisualStudioVersion = 10.0.40219.1
Project("{FAE04EC0-301F-11D3-BF4B-00C04F79EFBC}") = "DesignPatterns", "DesignPatterns\DesignPatterns.csproj", "{F3C0EB9E-985C-4B58-B2A3-B0F9AB0FDA8E}"
EndProject
Project("{FAE04EC0-301F-11D3-BF4B-00C04F79EFBC}") = "DesignPatternsMVC", "DesignPatternsMVC\DesignPatternsMVC.csproj", "{5ED96BAA-3D4A-42C3-BD70-BD6090E8B8F5}"
EndProject
Project("{FAE04EC0-301F-11D3-BF4B-00C04F79EFBC}") = "Tools", "Tools\Tools.csproj", "{A080A6A9-AA25-47E2-9E6B-C05D7D934E44}"
EndProject
Global
	GlobalSection(SolutionConfigurationPlatforms) = preSolution
		Debug|Any CPU = Debug|Any CPU
		Release|Any CPU = Release|Any CPU
	EndGlobalSection
	GlobalSection(ProjectConfigurationPlatforms) = postSolution
		{F3C0EB9E-985C-4B58-B2A3-B0F9AB0FDA8E}.Debug|Any CPU.ActiveCfg = Debug|Any CPU
		{F3C0EB9E-985C-4B58-B2A3-B0F9AB0FDA8E}.Debug|Any CPU.Build.0 = Debug|Any CPU
		{F3C0EB9E-985C-4B58-B2A3-B0F9AB0FDA8E}.Release|Any CPU.ActiveCfg = Release|Any CPU
		{F3C0EB9E-985C-4B58-B2A3-B0F9AB0FDA8E}.Release|Any CPU.Build.0 = Release|Any CPU
		{5ED96BAA-3D4A-42C3-BD70-BD6090E8B8F5}.Debug|Any CPU.ActiveCfg = Debug|Any CPU
		{5ED96BAA-3D4A-42C3-BD70-BD6090E8B8F5}.Debug|Any CPU.Build.0 = Debug|Any CPU
		{5ED96BAA-3D4A-42C3-BD70-BD6090E8B8F5}.Release|Any CPU.ActiveCfg = Release|Any CPU
		{5ED96BAA-3D4A-42C3-BD70-BD6090E8B8F5}.Release|Any CPU.Build.0 = Release|Any CPU
		{A080A6A9-AA25-47E2-9E6B-C05D7D934E44}.Debug|Any CPU.ActiveCfg = Debug|Any CPU
		{A080A6A9-AA25-47E2-9E6B-C05D7D934E44}.Debug|Any CPU.Build.0 = Debug|Any CPU
		{A080A6A9-AA25-47E2-9E6B-C05D7D934E44}.Release|Any CPU.ActiveCfg = Release|Any CPU
		{A080A6A9-AA25-47E2-9E6B-C05D7D934E44}.Release|Any CPU.Build.0 = Release|Any CPU
	EndGlobalSection
	GlobalSection(SolutionProperties) = preSolution
		HideSolutionNode = FALSE
	EndGlobalSection
	GlobalSection(ExtensibilityGlobals) = postSolution
		SolutionGuid = {69030780-1910-4AE6-9EA6-14381A02C9EE}
	EndGlobalSection
EndGlobal
